// !$*UTF8*$!
{
	archiveVersion = 1;
	classes = {
	};
	objectVersion = 50;
	objects = {

/* Begin PBXBuildFile section */
		630C9D3C234D78A000F68CA0 /* Form.swift in Sources */ = {isa = PBXBuildFile; fileRef = 630C9D3B234D78A000F68CA0 /* Form.swift */; };
		630C9D44234D85AE00F68CA0 /* PhotoTableViewCell.swift in Sources */ = {isa = PBXBuildFile; fileRef = 630C9D42234D85AE00F68CA0 /* PhotoTableViewCell.swift */; };
		630C9D45234D85AE00F68CA0 /* PhotoTableViewCell.xib in Resources */ = {isa = PBXBuildFile; fileRef = 630C9D43234D85AE00F68CA0 /* PhotoTableViewCell.xib */; };
		630C9D48234D8E0F00F68CA0 /* ImageTableViewCell.swift in Sources */ = {isa = PBXBuildFile; fileRef = 630C9D46234D8E0F00F68CA0 /* ImageTableViewCell.swift */; };
		630C9D49234D8E0F00F68CA0 /* ImageTableViewCell.xib in Resources */ = {isa = PBXBuildFile; fileRef = 630C9D47234D8E0F00F68CA0 /* ImageTableViewCell.xib */; };
		630C9D4C234D8F4300F68CA0 /* UIImageView+LoadFromUrl.swift in Sources */ = {isa = PBXBuildFile; fileRef = 630C9D4B234D8F4300F68CA0 /* UIImageView+LoadFromUrl.swift */; };
		630C9D4F234D90E200F68CA0 /* TextTableViewCell.swift in Sources */ = {isa = PBXBuildFile; fileRef = 630C9D4D234D90E200F68CA0 /* TextTableViewCell.swift */; };
		630C9D50234D90E200F68CA0 /* TextTableViewCell.xib in Resources */ = {isa = PBXBuildFile; fileRef = 630C9D4E234D90E200F68CA0 /* TextTableViewCell.xib */; };
		630C9D53234D994900F68CA0 /* PickerDateTableViewCell.swift in Sources */ = {isa = PBXBuildFile; fileRef = 630C9D51234D994900F68CA0 /* PickerDateTableViewCell.swift */; };
		630C9D54234D994900F68CA0 /* PickerDateTableViewCell.xib in Resources */ = {isa = PBXBuildFile; fileRef = 630C9D52234D994900F68CA0 /* PickerDateTableViewCell.xib */; };
		630C9D56234D9A4100F68CA0 /* Date+Format.swift in Sources */ = {isa = PBXBuildFile; fileRef = 630C9D55234D9A4100F68CA0 /* Date+Format.swift */; };
		630C9D58234D9D9600F68CA0 /* FormViewController.swift in Sources */ = {isa = PBXBuildFile; fileRef = 630C9D57234D9D9600F68CA0 /* FormViewController.swift */; };
		630C9D5A234D9E5200F68CA0 /* FormCellType.swift in Sources */ = {isa = PBXBuildFile; fileRef = 630C9D59234D9E5200F68CA0 /* FormCellType.swift */; };
		630C9D61234D9F4B00F68CA0 /* GenericTableViewCell.swift in Sources */ = {isa = PBXBuildFile; fileRef = 630C9D5F234D9F4B00F68CA0 /* GenericTableViewCell.swift */; };
		630C9D62234D9F4B00F68CA0 /* GenericTableViewCell.xib in Resources */ = {isa = PBXBuildFile; fileRef = 630C9D60234D9F4B00F68CA0 /* GenericTableViewCell.xib */; };
		6379EF612350F57400B9BA49 /* Array+Where.swift in Sources */ = {isa = PBXBuildFile; fileRef = 6379EF602350F57400B9BA49 /* Array+Where.swift */; };
		6379EF632351123700B9BA49 /* FormPresenter.swift in Sources */ = {isa = PBXBuildFile; fileRef = 6379EF622351123700B9BA49 /* FormPresenter.swift */; };
		63CE22EC234C2F020026DEB8 /* AppDelegate.swift in Sources */ = {isa = PBXBuildFile; fileRef = 63CE22EB234C2F020026DEB8 /* AppDelegate.swift */; };
		63CE22EE234C2F020026DEB8 /* SceneDelegate.swift in Sources */ = {isa = PBXBuildFile; fileRef = 63CE22ED234C2F020026DEB8 /* SceneDelegate.swift */; };
		63CE22F0234C2F020026DEB8 /* HomeViewController.swift in Sources */ = {isa = PBXBuildFile; fileRef = 63CE22EF234C2F020026DEB8 /* HomeViewController.swift */; };
		63CE22F3234C2F020026DEB8 /* Main.storyboard in Resources */ = {isa = PBXBuildFile; fileRef = 63CE22F1234C2F020026DEB8 /* Main.storyboard */; };
		63CE22F5234C2F030026DEB8 /* Assets.xcassets in Resources */ = {isa = PBXBuildFile; fileRef = 63CE22F4234C2F030026DEB8 /* Assets.xcassets */; };
		63CE22F8234C2F030026DEB8 /* LaunchScreen.storyboard in Resources */ = {isa = PBXBuildFile; fileRef = 63CE22F6234C2F030026DEB8 /* LaunchScreen.storyboard */; };
		63CE2304234C3E320026DEB8 /* FormSectionListPresenter.swift in Sources */ = {isa = PBXBuildFile; fileRef = 63CE2303234C3E320026DEB8 /* FormSectionListPresenter.swift */; };
		63CE2307234C47570026DEB8 /* CheckboxTableViewCell.swift in Sources */ = {isa = PBXBuildFile; fileRef = 63CE2306234C47570026DEB8 /* CheckboxTableViewCell.swift */; };
		63CE2309234C4B510026DEB8 /* BaseViewController.swift in Sources */ = {isa = PBXBuildFile; fileRef = 63CE2308234C4B510026DEB8 /* BaseViewController.swift */; };
		63D18085234E73830002EC12 /* PhotoItem.swift in Sources */ = {isa = PBXBuildFile; fileRef = 63D18084234E73830002EC12 /* PhotoItem.swift */; };
		63D18088234E78B60002EC12 /* PhotoSection.swift in Sources */ = {isa = PBXBuildFile; fileRef = 63D18087234E78B60002EC12 /* PhotoSection.swift */; };
		63FEBE2723503CED00E9EE3D /* FormSection.swift in Sources */ = {isa = PBXBuildFile; fileRef = 63FEBE2623503CED00E9EE3D /* FormSection.swift */; };
		63FEBE2923503CFA00E9EE3D /* FormSectionItem.swift in Sources */ = {isa = PBXBuildFile; fileRef = 63FEBE2823503CFA00E9EE3D /* FormSectionItem.swift */; };
		63FEBE2B23504CCD00E9EE3D /* FormBaseUI.swift in Sources */ = {isa = PBXBuildFile; fileRef = 63FEBE2A23504CCD00E9EE3D /* FormBaseUI.swift */; };
		63FEBE2D23504EFD00E9EE3D /* ImageItem.swift in Sources */ = {isa = PBXBuildFile; fileRef = 63FEBE2C23504EFD00E9EE3D /* ImageItem.swift */; };
		63FEBE2F2350525B00E9EE3D /* ImageSection.swift in Sources */ = {isa = PBXBuildFile; fileRef = 63FEBE2E2350525B00E9EE3D /* ImageSection.swift */; };
		63FEBE312350554500E9EE3D /* TextSection.swift in Sources */ = {isa = PBXBuildFile; fileRef = 63FEBE302350554500E9EE3D /* TextSection.swift */; };
		63FEBE332350558D00E9EE3D /* TextItem.swift in Sources */ = {isa = PBXBuildFile; fileRef = 63FEBE322350558D00E9EE3D /* TextItem.swift */; };
		63FEBE3523505A0800E9EE3D /* PhoneSection.swift in Sources */ = {isa = PBXBuildFile; fileRef = 63FEBE3423505A0800E9EE3D /* PhoneSection.swift */; };
		63FEBE3723505B8C00E9EE3D /* DateSection.swift in Sources */ = {isa = PBXBuildFile; fileRef = 63FEBE3623505B8C00E9EE3D /* DateSection.swift */; };
		63FEBE3923505CCF00E9EE3D /* DateItem.swift in Sources */ = {isa = PBXBuildFile; fileRef = 63FEBE3823505CCF00E9EE3D /* DateItem.swift */; };
		63FEBE3B2350619500E9EE3D /* GenderSection.swift in Sources */ = {isa = PBXBuildFile; fileRef = 63FEBE3A2350619500E9EE3D /* GenderSection.swift */; };
		63FEBE3D2350619F00E9EE3D /* ColorsSection.swift in Sources */ = {isa = PBXBuildFile; fileRef = 63FEBE3C2350619F00E9EE3D /* ColorsSection.swift */; };
		63FEBE3F235062E300E9EE3D /* GenericItem.swift in Sources */ = {isa = PBXBuildFile; fileRef = 63FEBE3E235062E300E9EE3D /* GenericItem.swift */; };
		63FEBE412350710C00E9EE3D /* GenerateFormPresenter.swift in Sources */ = {isa = PBXBuildFile; fileRef = 63FEBE402350710C00E9EE3D /* GenerateFormPresenter.swift */; };
/* End PBXBuildFile section */

/* Begin PBXFileReference section */
		630C9D3B234D78A000F68CA0 /* Form.swift */ = {isa = PBXFileReference; lastKnownFileType = sourcecode.swift; path = Form.swift; sourceTree = "<group>"; };
		630C9D42234D85AE00F68CA0 /* PhotoTableViewCell.swift */ = {isa = PBXFileReference; lastKnownFileType = sourcecode.swift; path = PhotoTableViewCell.swift; sourceTree = "<group>"; };
		630C9D43234D85AE00F68CA0 /* PhotoTableViewCell.xib */ = {isa = PBXFileReference; lastKnownFileType = file.xib; path = PhotoTableViewCell.xib; sourceTree = "<group>"; };
		630C9D46234D8E0F00F68CA0 /* ImageTableViewCell.swift */ = {isa = PBXFileReference; lastKnownFileType = sourcecode.swift; path = ImageTableViewCell.swift; sourceTree = "<group>"; };
		630C9D47234D8E0F00F68CA0 /* ImageTableViewCell.xib */ = {isa = PBXFileReference; lastKnownFileType = file.xib; path = ImageTableViewCell.xib; sourceTree = "<group>"; };
		630C9D4B234D8F4300F68CA0 /* UIImageView+LoadFromUrl.swift */ = {isa = PBXFileReference; lastKnownFileType = sourcecode.swift; path = "UIImageView+LoadFromUrl.swift"; sourceTree = "<group>"; };
		630C9D4D234D90E200F68CA0 /* TextTableViewCell.swift */ = {isa = PBXFileReference; lastKnownFileType = sourcecode.swift; path = TextTableViewCell.swift; sourceTree = "<group>"; };
		630C9D4E234D90E200F68CA0 /* TextTableViewCell.xib */ = {isa = PBXFileReference; lastKnownFileType = file.xib; path = TextTableViewCell.xib; sourceTree = "<group>"; };
		630C9D51234D994900F68CA0 /* PickerDateTableViewCell.swift */ = {isa = PBXFileReference; lastKnownFileType = sourcecode.swift; path = PickerDateTableViewCell.swift; sourceTree = "<group>"; };
		630C9D52234D994900F68CA0 /* PickerDateTableViewCell.xib */ = {isa = PBXFileReference; lastKnownFileType = file.xib; path = PickerDateTableViewCell.xib; sourceTree = "<group>"; };
		630C9D55234D9A4100F68CA0 /* Date+Format.swift */ = {isa = PBXFileReference; lastKnownFileType = sourcecode.swift; path = "Date+Format.swift"; sourceTree = "<group>"; };
		630C9D57234D9D9600F68CA0 /* FormViewController.swift */ = {isa = PBXFileReference; lastKnownFileType = sourcecode.swift; path = FormViewController.swift; sourceTree = "<group>"; };
		630C9D59234D9E5200F68CA0 /* FormCellType.swift */ = {isa = PBXFileReference; lastKnownFileType = sourcecode.swift; path = FormCellType.swift; sourceTree = "<group>"; };
		630C9D5F234D9F4B00F68CA0 /* GenericTableViewCell.swift */ = {isa = PBXFileReference; lastKnownFileType = sourcecode.swift; path = GenericTableViewCell.swift; sourceTree = "<group>"; };
		630C9D60234D9F4B00F68CA0 /* GenericTableViewCell.xib */ = {isa = PBXFileReference; lastKnownFileType = file.xib; path = GenericTableViewCell.xib; sourceTree = "<group>"; };
		6379EF602350F57400B9BA49 /* Array+Where.swift */ = {isa = PBXFileReference; lastKnownFileType = sourcecode.swift; path = "Array+Where.swift"; sourceTree = "<group>"; };
		6379EF622351123700B9BA49 /* FormPresenter.swift */ = {isa = PBXFileReference; lastKnownFileType = sourcecode.swift; path = FormPresenter.swift; sourceTree = "<group>"; };
		63CE22E8234C2F020026DEB8 /* InterviewGS.app */ = {isa = PBXFileReference; explicitFileType = wrapper.application; includeInIndex = 0; path = InterviewGS.app; sourceTree = BUILT_PRODUCTS_DIR; };
		63CE22EB234C2F020026DEB8 /* AppDelegate.swift */ = {isa = PBXFileReference; lastKnownFileType = sourcecode.swift; path = AppDelegate.swift; sourceTree = "<group>"; };
		63CE22ED234C2F020026DEB8 /* SceneDelegate.swift */ = {isa = PBXFileReference; lastKnownFileType = sourcecode.swift; path = SceneDelegate.swift; sourceTree = "<group>"; };
		63CE22EF234C2F020026DEB8 /* HomeViewController.swift */ = {isa = PBXFileReference; lastKnownFileType = sourcecode.swift; path = HomeViewController.swift; sourceTree = "<group>"; };
		63CE22F2234C2F020026DEB8 /* Base */ = {isa = PBXFileReference; lastKnownFileType = file.storyboard; name = Base; path = Base.lproj/Main.storyboard; sourceTree = "<group>"; };
		63CE22F4234C2F030026DEB8 /* Assets.xcassets */ = {isa = PBXFileReference; lastKnownFileType = folder.assetcatalog; path = Assets.xcassets; sourceTree = "<group>"; };
		63CE22F7234C2F030026DEB8 /* Base */ = {isa = PBXFileReference; lastKnownFileType = file.storyboard; name = Base; path = Base.lproj/LaunchScreen.storyboard; sourceTree = "<group>"; };
		63CE22F9234C2F030026DEB8 /* Info.plist */ = {isa = PBXFileReference; lastKnownFileType = text.plist.xml; path = Info.plist; sourceTree = "<group>"; };
		63CE2303234C3E320026DEB8 /* FormSectionListPresenter.swift */ = {isa = PBXFileReference; lastKnownFileType = sourcecode.swift; path = FormSectionListPresenter.swift; sourceTree = "<group>"; };
		63CE2306234C47570026DEB8 /* CheckboxTableViewCell.swift */ = {isa = PBXFileReference; lastKnownFileType = sourcecode.swift; path = CheckboxTableViewCell.swift; sourceTree = "<group>"; };
		63CE2308234C4B510026DEB8 /* BaseViewController.swift */ = {isa = PBXFileReference; lastKnownFileType = sourcecode.swift; path = BaseViewController.swift; sourceTree = "<group>"; };
		63D18084234E73830002EC12 /* PhotoItem.swift */ = {isa = PBXFileReference; lastKnownFileType = sourcecode.swift; path = PhotoItem.swift; sourceTree = "<group>"; };
		63D18087234E78B60002EC12 /* PhotoSection.swift */ = {isa = PBXFileReference; lastKnownFileType = sourcecode.swift; path = PhotoSection.swift; sourceTree = "<group>"; };
		63FEBE2623503CED00E9EE3D /* FormSection.swift */ = {isa = PBXFileReference; lastKnownFileType = sourcecode.swift; path = FormSection.swift; sourceTree = "<group>"; };
		63FEBE2823503CFA00E9EE3D /* FormSectionItem.swift */ = {isa = PBXFileReference; lastKnownFileType = sourcecode.swift; path = FormSectionItem.swift; sourceTree = "<group>"; };
		63FEBE2A23504CCD00E9EE3D /* FormBaseUI.swift */ = {isa = PBXFileReference; lastKnownFileType = sourcecode.swift; path = FormBaseUI.swift; sourceTree = "<group>"; };
		63FEBE2C23504EFD00E9EE3D /* ImageItem.swift */ = {isa = PBXFileReference; lastKnownFileType = sourcecode.swift; path = ImageItem.swift; sourceTree = "<group>"; };
		63FEBE2E2350525B00E9EE3D /* ImageSection.swift */ = {isa = PBXFileReference; lastKnownFileType = sourcecode.swift; path = ImageSection.swift; sourceTree = "<group>"; };
		63FEBE302350554500E9EE3D /* TextSection.swift */ = {isa = PBXFileReference; lastKnownFileType = sourcecode.swift; path = TextSection.swift; sourceTree = "<group>"; };
		63FEBE322350558D00E9EE3D /* TextItem.swift */ = {isa = PBXFileReference; lastKnownFileType = sourcecode.swift; path = TextItem.swift; sourceTree = "<group>"; };
		63FEBE3423505A0800E9EE3D /* PhoneSection.swift */ = {isa = PBXFileReference; lastKnownFileType = sourcecode.swift; path = PhoneSection.swift; sourceTree = "<group>"; };
		63FEBE3623505B8C00E9EE3D /* DateSection.swift */ = {isa = PBXFileReference; lastKnownFileType = sourcecode.swift; path = DateSection.swift; sourceTree = "<group>"; };
		63FEBE3823505CCF00E9EE3D /* DateItem.swift */ = {isa = PBXFileReference; lastKnownFileType = sourcecode.swift; path = DateItem.swift; sourceTree = "<group>"; };
		63FEBE3A2350619500E9EE3D /* GenderSection.swift */ = {isa = PBXFileReference; lastKnownFileType = sourcecode.swift; path = GenderSection.swift; sourceTree = "<group>"; };
		63FEBE3C2350619F00E9EE3D /* ColorsSection.swift */ = {isa = PBXFileReference; lastKnownFileType = sourcecode.swift; path = ColorsSection.swift; sourceTree = "<group>"; };
		63FEBE3E235062E300E9EE3D /* GenericItem.swift */ = {isa = PBXFileReference; lastKnownFileType = sourcecode.swift; path = GenericItem.swift; sourceTree = "<group>"; };
		63FEBE402350710C00E9EE3D /* GenerateFormPresenter.swift */ = {isa = PBXFileReference; lastKnownFileType = sourcecode.swift; path = GenerateFormPresenter.swift; sourceTree = "<group>"; };
/* End PBXFileReference section */

/* Begin PBXFrameworksBuildPhase section */
		63CE22E5234C2F020026DEB8 /* Frameworks */ = {
			isa = PBXFrameworksBuildPhase;
			buildActionMask = 2147483647;
			files = (
			);
			runOnlyForDeploymentPostprocessing = 0;
		};
/* End PBXFrameworksBuildPhase section */

/* Begin PBXGroup section */
		630C9D3A234D789A00F68CA0 /* Form */ = {
			isa = PBXGroup;
			children = (
				63D18086234E78A60002EC12 /* Sections */,
				63D18083234E73700002EC12 /* Items */,
				630C9D41234D839F00F68CA0 /* CellTypes */,
				630C9D3B234D78A000F68CA0 /* Form.swift */,
				63FEBE2623503CED00E9EE3D /* FormSection.swift */,
				63FEBE2823503CFA00E9EE3D /* FormSectionItem.swift */,
				63FEBE2A23504CCD00E9EE3D /* FormBaseUI.swift */,
			);
			path = Form;
			sourceTree = "<group>";
		};
		630C9D41234D839F00F68CA0 /* CellTypes */ = {
			isa = PBXGroup;
			children = (
				630C9D59234D9E5200F68CA0 /* FormCellType.swift */,
				63FEBE2523503AEB00E9EE3D /* Option */,
				63FEBE2423503AE100E9EE3D /* Picker */,
				63FEBE2323503ACE00E9EE3D /* Text */,
				63FEBE2223503AC200E9EE3D /* Image */,
				63FEBE2123503AB300E9EE3D /* Photo */,
			);
			path = CellTypes;
			sourceTree = "<group>";
		};
		630C9D4A234D8F2A00F68CA0 /* Extensions */ = {
			isa = PBXGroup;
			children = (
				630C9D4B234D8F4300F68CA0 /* UIImageView+LoadFromUrl.swift */,
				630C9D55234D9A4100F68CA0 /* Date+Format.swift */,
				6379EF602350F57400B9BA49 /* Array+Where.swift */,
			);
			path = Extensions;
			sourceTree = "<group>";
		};
		63CE22DF234C2F020026DEB8 = {
			isa = PBXGroup;
			children = (
				63CE22EA234C2F020026DEB8 /* InterviewGS */,
				63CE22E9234C2F020026DEB8 /* Products */,
			);
			sourceTree = "<group>";
		};
		63CE22E9234C2F020026DEB8 /* Products */ = {
			isa = PBXGroup;
			children = (
				63CE22E8234C2F020026DEB8 /* InterviewGS.app */,
			);
			name = Products;
			sourceTree = "<group>";
		};
		63CE22EA234C2F020026DEB8 /* InterviewGS */ = {
			isa = PBXGroup;
			children = (
				630C9D4A234D8F2A00F68CA0 /* Extensions */,
				630C9D3A234D789A00F68CA0 /* Form */,
				63CE2305234C471A0026DEB8 /* UIComponents */,
				63CE2300234C2F3C0026DEB8 /* Presenters */,
				63CE22FF234C2F340026DEB8 /* Views */,
				63CE22EB234C2F020026DEB8 /* AppDelegate.swift */,
				63CE22ED234C2F020026DEB8 /* SceneDelegate.swift */,
				63CE22F1234C2F020026DEB8 /* Main.storyboard */,
				63CE22F4234C2F030026DEB8 /* Assets.xcassets */,
				63CE22F6234C2F030026DEB8 /* LaunchScreen.storyboard */,
				63CE22F9234C2F030026DEB8 /* Info.plist */,
			);
			path = InterviewGS;
			sourceTree = "<group>";
		};
		63CE22FF234C2F340026DEB8 /* Views */ = {
			isa = PBXGroup;
			children = (
				63CE2308234C4B510026DEB8 /* BaseViewController.swift */,
				63CE22EF234C2F020026DEB8 /* HomeViewController.swift */,
				630C9D57234D9D9600F68CA0 /* FormViewController.swift */,
			);
			path = Views;
			sourceTree = "<group>";
		};
		63CE2300234C2F3C0026DEB8 /* Presenters */ = {
			isa = PBXGroup;
			children = (
				63CE2303234C3E320026DEB8 /* FormSectionListPresenter.swift */,
				63FEBE402350710C00E9EE3D /* GenerateFormPresenter.swift */,
				6379EF622351123700B9BA49 /* FormPresenter.swift */,
			);
			path = Presenters;
			sourceTree = "<group>";
		};
		63CE2305234C471A0026DEB8 /* UIComponents */ = {
			isa = PBXGroup;
			children = (
				63CE2306234C47570026DEB8 /* CheckboxTableViewCell.swift */,
			);
			path = UIComponents;
			sourceTree = "<group>";
		};
		63D18083234E73700002EC12 /* Items */ = {
			isa = PBXGroup;
			children = (
				63D18084234E73830002EC12 /* PhotoItem.swift */,
				63FEBE2C23504EFD00E9EE3D /* ImageItem.swift */,
				63FEBE322350558D00E9EE3D /* TextItem.swift */,
				63FEBE3823505CCF00E9EE3D /* DateItem.swift */,
				63FEBE3E235062E300E9EE3D /* GenericItem.swift */,
			);
			path = Items;
			sourceTree = "<group>";
		};
		63D18086234E78A60002EC12 /* Sections */ = {
			isa = PBXGroup;
			children = (
				63D18087234E78B60002EC12 /* PhotoSection.swift */,
				63FEBE2E2350525B00E9EE3D /* ImageSection.swift */,
				63FEBE302350554500E9EE3D /* TextSection.swift */,
				63FEBE3423505A0800E9EE3D /* PhoneSection.swift */,
				63FEBE3623505B8C00E9EE3D /* DateSection.swift */,
				63FEBE3A2350619500E9EE3D /* GenderSection.swift */,
				63FEBE3C2350619F00E9EE3D /* ColorsSection.swift */,
			);
			path = Sections;
			sourceTree = "<group>";
		};
		63FEBE2123503AB300E9EE3D /* Photo */ = {
			isa = PBXGroup;
			children = (
				630C9D42234D85AE00F68CA0 /* PhotoTableViewCell.swift */,
				630C9D43234D85AE00F68CA0 /* PhotoTableViewCell.xib */,
			);
			path = Photo;
			sourceTree = "<group>";
		};
		63FEBE2223503AC200E9EE3D /* Image */ = {
			isa = PBXGroup;
			children = (
				630C9D46234D8E0F00F68CA0 /* ImageTableViewCell.swift */,
				630C9D47234D8E0F00F68CA0 /* ImageTableViewCell.xib */,
			);
			path = Image;
			sourceTree = "<group>";
		};
		63FEBE2323503ACE00E9EE3D /* Text */ = {
			isa = PBXGroup;
			children = (
				630C9D4D234D90E200F68CA0 /* TextTableViewCell.swift */,
				630C9D4E234D90E200F68CA0 /* TextTableViewCell.xib */,
			);
			path = Text;
			sourceTree = "<group>";
		};
		63FEBE2423503AE100E9EE3D /* Picker */ = {
			isa = PBXGroup;
			children = (
				630C9D51234D994900F68CA0 /* PickerDateTableViewCell.swift */,
				630C9D52234D994900F68CA0 /* PickerDateTableViewCell.xib */,
			);
			path = Picker;
			sourceTree = "<group>";
		};
		63FEBE2523503AEB00E9EE3D /* Option */ = {
			isa = PBXGroup;
			children = (
				630C9D5F234D9F4B00F68CA0 /* GenericTableViewCell.swift */,
				630C9D60234D9F4B00F68CA0 /* GenericTableViewCell.xib */,
			);
			path = Option;
			sourceTree = "<group>";
		};
/* End PBXGroup section */

/* Begin PBXNativeTarget section */
		63CE22E7234C2F020026DEB8 /* InterviewGS */ = {
			isa = PBXNativeTarget;
			buildConfigurationList = 63CE22FC234C2F030026DEB8 /* Build configuration list for PBXNativeTarget "InterviewGS" */;
			buildPhases = (
				63CE22E4234C2F020026DEB8 /* Sources */,
				63CE22E5234C2F020026DEB8 /* Frameworks */,
				63CE22E6234C2F020026DEB8 /* Resources */,
			);
			buildRules = (
			);
			dependencies = (
			);
			name = InterviewGS;
			productName = InterviewGS;
			productReference = 63CE22E8234C2F020026DEB8 /* InterviewGS.app */;
			productType = "com.apple.product-type.application";
		};
/* End PBXNativeTarget section */

/* Begin PBXProject section */
		63CE22E0234C2F020026DEB8 /* Project object */ = {
			isa = PBXProject;
			attributes = {
				LastSwiftUpdateCheck = 1100;
				LastUpgradeCheck = 1100;
				ORGANIZATIONNAME = David;
				TargetAttributes = {
					63CE22E7234C2F020026DEB8 = {
						CreatedOnToolsVersion = 11.0;
					};
				};
			};
			buildConfigurationList = 63CE22E3234C2F020026DEB8 /* Build configuration list for PBXProject "InterviewGS" */;
			compatibilityVersion = "Xcode 9.3";
			developmentRegion = en;
			hasScannedForEncodings = 0;
			knownRegions = (
				en,
				Base,
			);
			mainGroup = 63CE22DF234C2F020026DEB8;
			productRefGroup = 63CE22E9234C2F020026DEB8 /* Products */;
			projectDirPath = "";
			projectRoot = "";
			targets = (
				63CE22E7234C2F020026DEB8 /* InterviewGS */,
			);
		};
/* End PBXProject section */

/* Begin PBXResourcesBuildPhase section */
		63CE22E6234C2F020026DEB8 /* Resources */ = {
			isa = PBXResourcesBuildPhase;
			buildActionMask = 2147483647;
			files = (
				630C9D49234D8E0F00F68CA0 /* ImageTableViewCell.xib in Resources */,
				630C9D62234D9F4B00F68CA0 /* GenericTableViewCell.xib in Resources */,
				630C9D45234D85AE00F68CA0 /* PhotoTableViewCell.xib in Resources */,
				630C9D50234D90E200F68CA0 /* TextTableViewCell.xib in Resources */,
				63CE22F8234C2F030026DEB8 /* LaunchScreen.storyboard in Resources */,
				63CE22F5234C2F030026DEB8 /* Assets.xcassets in Resources */,
				63CE22F3234C2F020026DEB8 /* Main.storyboard in Resources */,
				630C9D54234D994900F68CA0 /* PickerDateTableViewCell.xib in Resources */,
			);
			runOnlyForDeploymentPostprocessing = 0;
		};
/* End PBXResourcesBuildPhase section */

/* Begin PBXSourcesBuildPhase section */
		63CE22E4234C2F020026DEB8 /* Sources */ = {
			isa = PBXSourcesBuildPhase;
			buildActionMask = 2147483647;
			files = (
				63FEBE2923503CFA00E9EE3D /* FormSectionItem.swift in Sources */,
				63CE22F0234C2F020026DEB8 /* HomeViewController.swift in Sources */,
				63FEBE332350558D00E9EE3D /* TextItem.swift in Sources */,
				63FEBE3D2350619F00E9EE3D /* ColorsSection.swift in Sources */,
				63CE22EC234C2F020026DEB8 /* AppDelegate.swift in Sources */,
				630C9D56234D9A4100F68CA0 /* Date+Format.swift in Sources */,
				630C9D61234D9F4B00F68CA0 /* GenericTableViewCell.swift in Sources */,
				630C9D58234D9D9600F68CA0 /* FormViewController.swift in Sources */,
				6379EF632351123700B9BA49 /* FormPresenter.swift in Sources */,
				6379EF612350F57400B9BA49 /* Array+Where.swift in Sources */,
				63FEBE312350554500E9EE3D /* TextSection.swift in Sources */,
				63FEBE2D23504EFD00E9EE3D /* ImageItem.swift in Sources */,
				63CE2307234C47570026DEB8 /* CheckboxTableViewCell.swift in Sources */,
				63FEBE2723503CED00E9EE3D /* FormSection.swift in Sources */,
				63FEBE412350710C00E9EE3D /* GenerateFormPresenter.swift in Sources */,
				63CE2304234C3E320026DEB8 /* FormSectionListPresenter.swift in Sources */,
				63FEBE2B23504CCD00E9EE3D /* FormBaseUI.swift in Sources */,
				63CE22EE234C2F020026DEB8 /* SceneDelegate.swift in Sources */,
				63FEBE3923505CCF00E9EE3D /* DateItem.swift in Sources */,
				630C9D44234D85AE00F68CA0 /* PhotoTableViewCell.swift in Sources */,
				63FEBE2F2350525B00E9EE3D /* ImageSection.swift in Sources */,
				630C9D4F234D90E200F68CA0 /* TextTableViewCell.swift in Sources */,
				63FEBE3B2350619500E9EE3D /* GenderSection.swift in Sources */,
				63FEBE3723505B8C00E9EE3D /* DateSection.swift in Sources */,
				63D18085234E73830002EC12 /* PhotoItem.swift in Sources */,
				630C9D3C234D78A000F68CA0 /* Form.swift in Sources */,
				63FEBE3F235062E300E9EE3D /* GenericItem.swift in Sources */,
				630C9D48234D8E0F00F68CA0 /* ImageTableViewCell.swift in Sources */,
				630C9D5A234D9E5200F68CA0 /* FormCellType.swift in Sources */,
				630C9D4C234D8F4300F68CA0 /* UIImageView+LoadFromUrl.swift in Sources */,
				63D18088234E78B60002EC12 /* PhotoSection.swift in Sources */,
				63CE2309234C4B510026DEB8 /* BaseViewController.swift in Sources */,
				63FEBE3523505A0800E9EE3D /* PhoneSection.swift in Sources */,
				630C9D53234D994900F68CA0 /* PickerDateTableViewCell.swift in Sources */,
			);
			runOnlyForDeploymentPostprocessing = 0;
		};
/* End PBXSourcesBuildPhase section */

/* Begin PBXVariantGroup section */
		63CE22F1234C2F020026DEB8 /* Main.storyboard */ = {
			isa = PBXVariantGroup;
			children = (
				63CE22F2234C2F020026DEB8 /* Base */,
			);
			name = Main.storyboard;
			sourceTree = "<group>";
		};
		63CE22F6234C2F030026DEB8 /* LaunchScreen.storyboard */ = {
			isa = PBXVariantGroup;
			children = (
				63CE22F7234C2F030026DEB8 /* Base */,
			);
			name = LaunchScreen.storyboard;
			sourceTree = "<group>";
		};
/* End PBXVariantGroup section */

/* Begin XCBuildConfiguration section */
		63CE22FA234C2F030026DEB8 /* Debug */ = {
			isa = XCBuildConfiguration;
			buildSettings = {
				ALWAYS_SEARCH_USER_PATHS = NO;
				CLANG_ANALYZER_NONNULL = YES;
				CLANG_ANALYZER_NUMBER_OBJECT_CONVERSION = YES_AGGRESSIVE;
				CLANG_CXX_LANGUAGE_STANDARD = "gnu++14";
				CLANG_CXX_LIBRARY = "libc++";
				CLANG_ENABLE_MODULES = YES;
				CLANG_ENABLE_OBJC_ARC = YES;
				CLANG_ENABLE_OBJC_WEAK = YES;
				CLANG_WARN_BLOCK_CAPTURE_AUTORELEASING = YES;
				CLANG_WARN_BOOL_CONVERSION = YES;
				CLANG_WARN_COMMA = YES;
				CLANG_WARN_CONSTANT_CONVERSION = YES;
				CLANG_WARN_DEPRECATED_OBJC_IMPLEMENTATIONS = YES;
				CLANG_WARN_DIRECT_OBJC_ISA_USAGE = YES_ERROR;
				CLANG_WARN_DOCUMENTATION_COMMENTS = YES;
				CLANG_WARN_EMPTY_BODY = YES;
				CLANG_WARN_ENUM_CONVERSION = YES;
				CLANG_WARN_INFINITE_RECURSION = YES;
				CLANG_WARN_INT_CONVERSION = YES;
				CLANG_WARN_NON_LITERAL_NULL_CONVERSION = YES;
				CLANG_WARN_OBJC_IMPLICIT_RETAIN_SELF = YES;
				CLANG_WARN_OBJC_LITERAL_CONVERSION = YES;
				CLANG_WARN_OBJC_ROOT_CLASS = YES_ERROR;
				CLANG_WARN_RANGE_LOOP_ANALYSIS = YES;
				CLANG_WARN_STRICT_PROTOTYPES = YES;
				CLANG_WARN_SUSPICIOUS_MOVE = YES;
				CLANG_WARN_UNGUARDED_AVAILABILITY = YES_AGGRESSIVE;
				CLANG_WARN_UNREACHABLE_CODE = YES;
				CLANG_WARN__DUPLICATE_METHOD_MATCH = YES;
				COPY_PHASE_STRIP = NO;
				DEBUG_INFORMATION_FORMAT = dwarf;
				ENABLE_STRICT_OBJC_MSGSEND = YES;
				ENABLE_TESTABILITY = YES;
				GCC_C_LANGUAGE_STANDARD = gnu11;
				GCC_DYNAMIC_NO_PIC = NO;
				GCC_NO_COMMON_BLOCKS = YES;
				GCC_OPTIMIZATION_LEVEL = 0;
				GCC_PREPROCESSOR_DEFINITIONS = (
					"DEBUG=1",
					"$(inherited)",
				);
				GCC_WARN_64_TO_32_BIT_CONVERSION = YES;
				GCC_WARN_ABOUT_RETURN_TYPE = YES_ERROR;
				GCC_WARN_UNDECLARED_SELECTOR = YES;
				GCC_WARN_UNINITIALIZED_AUTOS = YES_AGGRESSIVE;
				GCC_WARN_UNUSED_FUNCTION = YES;
				GCC_WARN_UNUSED_VARIABLE = YES;
				IPHONEOS_DEPLOYMENT_TARGET = 13.0;
				MTL_ENABLE_DEBUG_INFO = INCLUDE_SOURCE;
				MTL_FAST_MATH = YES;
				ONLY_ACTIVE_ARCH = YES;
				SDKROOT = iphoneos;
				SWIFT_ACTIVE_COMPILATION_CONDITIONS = DEBUG;
				SWIFT_OPTIMIZATION_LEVEL = "-Onone";
			};
			name = Debug;
		};
		63CE22FB234C2F030026DEB8 /* Release */ = {
			isa = XCBuildConfiguration;
			buildSettings = {
				ALWAYS_SEARCH_USER_PATHS = NO;
				CLANG_ANALYZER_NONNULL = YES;
				CLANG_ANALYZER_NUMBER_OBJECT_CONVERSION = YES_AGGRESSIVE;
				CLANG_CXX_LANGUAGE_STANDARD = "gnu++14";
				CLANG_CXX_LIBRARY = "libc++";
				CLANG_ENABLE_MODULES = YES;
				CLANG_ENABLE_OBJC_ARC = YES;
				CLANG_ENABLE_OBJC_WEAK = YES;
				CLANG_WARN_BLOCK_CAPTURE_AUTORELEASING = YES;
				CLANG_WARN_BOOL_CONVERSION = YES;
				CLANG_WARN_COMMA = YES;
				CLANG_WARN_CONSTANT_CONVERSION = YES;
				CLANG_WARN_DEPRECATED_OBJC_IMPLEMENTATIONS = YES;
				CLANG_WARN_DIRECT_OBJC_ISA_USAGE = YES_ERROR;
				CLANG_WARN_DOCUMENTATION_COMMENTS = YES;
				CLANG_WARN_EMPTY_BODY = YES;
				CLANG_WARN_ENUM_CONVERSION = YES;
				CLANG_WARN_INFINITE_RECURSION = YES;
				CLANG_WARN_INT_CONVERSION = YES;
				CLANG_WARN_NON_LITERAL_NULL_CONVERSION = YES;
				CLANG_WARN_OBJC_IMPLICIT_RETAIN_SELF = YES;
				CLANG_WARN_OBJC_LITERAL_CONVERSION = YES;
				CLANG_WARN_OBJC_ROOT_CLASS = YES_ERROR;
				CLANG_WARN_RANGE_LOOP_ANALYSIS = YES;
				CLANG_WARN_STRICT_PROTOTYPES = YES;
				CLANG_WARN_SUSPICIOUS_MOVE = YES;
				CLANG_WARN_UNGUARDED_AVAILABILITY = YES_AGGRESSIVE;
				CLANG_WARN_UNREACHABLE_CODE = YES;
				CLANG_WARN__DUPLICATE_METHOD_MATCH = YES;
				COPY_PHASE_STRIP = NO;
				DEBUG_INFORMATION_FORMAT = "dwarf-with-dsym";
				ENABLE_NS_ASSERTIONS = NO;
				ENABLE_STRICT_OBJC_MSGSEND = YES;
				GCC_C_LANGUAGE_STANDARD = gnu11;
				GCC_NO_COMMON_BLOCKS = YES;
				GCC_WARN_64_TO_32_BIT_CONVERSION = YES;
				GCC_WARN_ABOUT_RETURN_TYPE = YES_ERROR;
				GCC_WARN_UNDECLARED_SELECTOR = YES;
				GCC_WARN_UNINITIALIZED_AUTOS = YES_AGGRESSIVE;
				GCC_WARN_UNUSED_FUNCTION = YES;
				GCC_WARN_UNUSED_VARIABLE = YES;
				IPHONEOS_DEPLOYMENT_TARGET = 13.0;
				MTL_ENABLE_DEBUG_INFO = NO;
				MTL_FAST_MATH = YES;
				SDKROOT = iphoneos;
				SWIFT_COMPILATION_MODE = wholemodule;
				SWIFT_OPTIMIZATION_LEVEL = "-O";
				VALIDATE_PRODUCT = YES;
			};
			name = Release;
		};
		63CE22FD234C2F030026DEB8 /* Debug */ = {
			isa = XCBuildConfiguration;
			buildSettings = {
				ASSETCATALOG_COMPILER_APPICON_NAME = AppIcon;
				CODE_SIGN_STYLE = Automatic;
				INFOPLIST_FILE = InterviewGS/Info.plist;
				LD_RUNPATH_SEARCH_PATHS = (
					"$(inherited)",
					"@executable_path/Frameworks",
				);
				PRODUCT_BUNDLE_IDENTIFIER = damg.InterviewGS;
				PRODUCT_NAME = "$(TARGET_NAME)";
				SWIFT_VERSION = 5.0;
				TARGETED_DEVICE_FAMILY = 1;
			};
			name = Debug;
		};
		63CE22FE234C2F030026DEB8 /* Release */ = {
			isa = XCBuildConfiguration;
			buildSettings = {
				ASSETCATALOG_COMPILER_APPICON_NAME = AppIcon;
				CODE_SIGN_STYLE = Automatic;
				INFOPLIST_FILE = InterviewGS/Info.plist;
				LD_RUNPATH_SEARCH_PATHS = (
					"$(inherited)",
					"@executable_path/Frameworks",
				);
				PRODUCT_BUNDLE_IDENTIFIER = damg.InterviewGS;
				PRODUCT_NAME = "$(TARGET_NAME)";
				SWIFT_VERSION = 5.0;
				TARGETED_DEVICE_FAMILY = 1;
			};
			name = Release;
		};
/* End XCBuildConfiguration section */

/* Begin XCConfigurationList section */
		63CE22E3234C2F020026DEB8 /* Build configuration list for PBXProject "InterviewGS" */ = {
			isa = XCConfigurationList;
			buildConfigurations = (
				63CE22FA234C2F030026DEB8 /* Debug */,
				63CE22FB234C2F030026DEB8 /* Release */,
			);
			defaultConfigurationIsVisible = 0;
			defaultConfigurationName = Release;
		};
		63CE22FC234C2F030026DEB8 /* Build configuration list for PBXNativeTarget "InterviewGS" */ = {
			isa = XCConfigurationList;
			buildConfigurations = (
				63CE22FD234C2F030026DEB8 /* Debug */,
				63CE22FE234C2F030026DEB8 /* Release */,
			);
			defaultConfigurationIsVisible = 0;
			defaultConfigurationName = Release;
		};
/* End XCConfigurationList section */
	};
	rootObject = 63CE22E0234C2F020026DEB8 /* Project object */;
}
